dependencies:
- name: postgresql
  repository: https://kubernetes-charts.storage.googleapis.com/
  version: 0.9.5
- name: redis
  repository: https://kubernetes-charts.storage.googleapis.com/
  version: 1.2.2
- name: result
  repository: file://local-charts/result
  version: 1.0.0
- name: vote
  repository: file://local-charts/vote
  version: 1.0.0
- name: worker
  repository: file://local-charts/worker
  version: 1.0.1
digest: sha256:be9e99645386fb2f9c9685a681d578e63cbb6ca4a611ba5753362ff8e25ffdd5
generated: 2019-01-03T19:02:39.281338-08:00
